// !$*UTF8*$!
{
	archiveVersion = 1;
	classes = {
	};
	objectVersion = 50;
	objects = {

/* Begin PBXBuildFile section */
		963F695321021DA9007C5ACA /* AppDelegate.swift in Sources */ = {isa = PBXBuildFile; fileRef = 963F695221021DA9007C5ACA /* AppDelegate.swift */; };
		963F695521021DA9007C5ACA /* ViewController.swift in Sources */ = {isa = PBXBuildFile; fileRef = 963F695421021DA9007C5ACA /* ViewController.swift */; };
		963F695821021DAA007C5ACA /* Main.storyboard in Resources */ = {isa = PBXBuildFile; fileRef = 963F695621021DAA007C5ACA /* Main.storyboard */; };
		963F695A21021DB6007C5ACA /* Assets.xcassets in Resources */ = {isa = PBXBuildFile; fileRef = 963F695921021DB6007C5ACA /* Assets.xcassets */; };
		963F695D21021DB6007C5ACA /* LaunchScreen.storyboard in Resources */ = {isa = PBXBuildFile; fileRef = 963F695B21021DB6007C5ACA /* LaunchScreen.storyboard */; };
		963F696821021DB6007C5ACA /* ExpandableButtonExampleTests.swift in Sources */ = {isa = PBXBuildFile; fileRef = 963F696721021DB6007C5ACA /* ExpandableButtonExampleTests.swift */; };
		963F697421021E3D007C5ACA /* ExpandableButtonView.swift in Sources */ = {isa = PBXBuildFile; fileRef = 963F697321021E3D007C5ACA /* ExpandableButtonView.swift */; };
		963F6976210224CB007C5ACA /* ActionButton.swift in Sources */ = {isa = PBXBuildFile; fileRef = 963F6975210224CB007C5ACA /* ActionButton.swift */; };
		965C34E121109E400081C003 /* ExpandableButtonExampleUITests.swift in Sources */ = {isa = PBXBuildFile; fileRef = 965C34E021109E400081C003 /* ExpandableButtonExampleUITests.swift */; };
		96BA3FFF21062BCC004F4EB0 /* ArrowButton.swift in Sources */ = {isa = PBXBuildFile; fileRef = 96BA3FFE21062BCC004F4EB0 /* ArrowButton.swift */; };
		96FF4BC8210238EA00938FE3 /* ExpandableButtonItem.swift in Sources */ = {isa = PBXBuildFile; fileRef = 96FF4BC7210238EA00938FE3 /* ExpandableButtonItem.swift */; };
/* End PBXBuildFile section */

/* Begin PBXContainerItemProxy section */
		963F696421021DB6007C5ACA /* PBXContainerItemProxy */ = {
			isa = PBXContainerItemProxy;
			containerPortal = 963F694721021DA9007C5ACA /* Project object */;
			proxyType = 1;
			remoteGlobalIDString = 963F694E21021DA9007C5ACA;
			remoteInfo = ExpandableButtonExample;
		};
		965C34E321109E400081C003 /* PBXContainerItemProxy */ = {
			isa = PBXContainerItemProxy;
			containerPortal = 963F694721021DA9007C5ACA /* Project object */;
			proxyType = 1;
			remoteGlobalIDString = 963F694E21021DA9007C5ACA;
			remoteInfo = ExpandableButtonExample;
		};
/* End PBXContainerItemProxy section */

/* Begin PBXFileReference section */
		963F694F21021DA9007C5ACA /* ExpandableButtonExample.app */ = {isa = PBXFileReference; explicitFileType = wrapper.application; includeInIndex = 0; path = ExpandableButtonExample.app; sourceTree = BUILT_PRODUCTS_DIR; };
		963F695221021DA9007C5ACA /* AppDelegate.swift */ = {isa = PBXFileReference; lastKnownFileType = sourcecode.swift; path = AppDelegate.swift; sourceTree = "<group>"; };
		963F695421021DA9007C5ACA /* ViewController.swift */ = {isa = PBXFileReference; lastKnownFileType = sourcecode.swift; path = ViewController.swift; sourceTree = "<group>"; };
		963F695721021DAA007C5ACA /* Base */ = {isa = PBXFileReference; lastKnownFileType = file.storyboard; name = Base; path = Base.lproj/Main.storyboard; sourceTree = "<group>"; };
		963F695921021DB6007C5ACA /* Assets.xcassets */ = {isa = PBXFileReference; lastKnownFileType = folder.assetcatalog; path = Assets.xcassets; sourceTree = "<group>"; };
		963F695C21021DB6007C5ACA /* Base */ = {isa = PBXFileReference; lastKnownFileType = file.storyboard; name = Base; path = Base.lproj/LaunchScreen.storyboard; sourceTree = "<group>"; };
		963F695E21021DB6007C5ACA /* Info.plist */ = {isa = PBXFileReference; lastKnownFileType = text.plist.xml; path = Info.plist; sourceTree = "<group>"; };
		963F696321021DB6007C5ACA /* ExpandableButtonExampleTests.xctest */ = {isa = PBXFileReference; explicitFileType = wrapper.cfbundle; includeInIndex = 0; path = ExpandableButtonExampleTests.xctest; sourceTree = BUILT_PRODUCTS_DIR; };
		963F696721021DB6007C5ACA /* ExpandableButtonExampleTests.swift */ = {isa = PBXFileReference; lastKnownFileType = sourcecode.swift; path = ExpandableButtonExampleTests.swift; sourceTree = "<group>"; };
		963F696921021DB6007C5ACA /* Info.plist */ = {isa = PBXFileReference; lastKnownFileType = text.plist.xml; path = Info.plist; sourceTree = "<group>"; };
		963F697321021E3D007C5ACA /* ExpandableButtonView.swift */ = {isa = PBXFileReference; lastKnownFileType = sourcecode.swift; path = ExpandableButtonView.swift; sourceTree = "<group>"; };
		963F6975210224CB007C5ACA /* ActionButton.swift */ = {isa = PBXFileReference; lastKnownFileType = sourcecode.swift; path = ActionButton.swift; sourceTree = "<group>"; };
		965C34DE21109E400081C003 /* ExpandableButtonExampleUITests.xctest */ = {isa = PBXFileReference; explicitFileType = wrapper.cfbundle; includeInIndex = 0; path = ExpandableButtonExampleUITests.xctest; sourceTree = BUILT_PRODUCTS_DIR; };
		965C34E021109E400081C003 /* ExpandableButtonExampleUITests.swift */ = {isa = PBXFileReference; lastKnownFileType = sourcecode.swift; path = ExpandableButtonExampleUITests.swift; sourceTree = "<group>"; };
		965C34E221109E400081C003 /* Info.plist */ = {isa = PBXFileReference; lastKnownFileType = text.plist.xml; path = Info.plist; sourceTree = "<group>"; };
		96BA3FFE21062BCC004F4EB0 /* ArrowButton.swift */ = {isa = PBXFileReference; lastKnownFileType = sourcecode.swift; path = ArrowButton.swift; sourceTree = "<group>"; };
		96FF4BC7210238EA00938FE3 /* ExpandableButtonItem.swift */ = {isa = PBXFileReference; lastKnownFileType = sourcecode.swift; path = ExpandableButtonItem.swift; sourceTree = "<group>"; };
/* End PBXFileReference section */

/* Begin PBXFrameworksBuildPhase section */
		963F694C21021DA9007C5ACA /* Frameworks */ = {
			isa = PBXFrameworksBuildPhase;
			buildActionMask = 2147483647;
			files = (
			);
			runOnlyForDeploymentPostprocessing = 0;
		};
		963F696021021DB6007C5ACA /* Frameworks */ = {
			isa = PBXFrameworksBuildPhase;
			buildActionMask = 2147483647;
			files = (
			);
			runOnlyForDeploymentPostprocessing = 0;
		};
		965C34DB21109E400081C003 /* Frameworks */ = {
			isa = PBXFrameworksBuildPhase;
			buildActionMask = 2147483647;
			files = (
			);
			runOnlyForDeploymentPostprocessing = 0;
		};
/* End PBXFrameworksBuildPhase section */

/* Begin PBXGroup section */
		963F694621021DA9007C5ACA = {
			isa = PBXGroup;
			children = (
				963F697221021E08007C5ACA /* ExpandableButton */,
				963F695121021DA9007C5ACA /* ExpandableButtonExample */,
				963F696621021DB6007C5ACA /* ExpandableButtonExampleTests */,
				965C34DF21109E400081C003 /* ExpandableButtonExampleUITests */,
				963F695021021DA9007C5ACA /* Products */,
			);
			sourceTree = "<group>";
		};
		963F695021021DA9007C5ACA /* Products */ = {
			isa = PBXGroup;
			children = (
				963F694F21021DA9007C5ACA /* ExpandableButtonExample.app */,
				963F696321021DB6007C5ACA /* ExpandableButtonExampleTests.xctest */,
				965C34DE21109E400081C003 /* ExpandableButtonExampleUITests.xctest */,
			);
			name = Products;
			sourceTree = "<group>";
		};
		963F695121021DA9007C5ACA /* ExpandableButtonExample */ = {
			isa = PBXGroup;
			children = (
				963F695221021DA9007C5ACA /* AppDelegate.swift */,
				963F695421021DA9007C5ACA /* ViewController.swift */,
				963F695621021DAA007C5ACA /* Main.storyboard */,
				963F695921021DB6007C5ACA /* Assets.xcassets */,
				963F695B21021DB6007C5ACA /* LaunchScreen.storyboard */,
				963F695E21021DB6007C5ACA /* Info.plist */,
			);
			path = ExpandableButtonExample;
			sourceTree = "<group>";
		};
		963F696621021DB6007C5ACA /* ExpandableButtonExampleTests */ = {
			isa = PBXGroup;
			children = (
				963F696721021DB6007C5ACA /* ExpandableButtonExampleTests.swift */,
				963F696921021DB6007C5ACA /* Info.plist */,
			);
			path = ExpandableButtonExampleTests;
			sourceTree = "<group>";
		};
		963F697221021E08007C5ACA /* ExpandableButton */ = {
			isa = PBXGroup;
			children = (
				963F697321021E3D007C5ACA /* ExpandableButtonView.swift */,
				96FF4BC7210238EA00938FE3 /* ExpandableButtonItem.swift */,
				96BA3FFE21062BCC004F4EB0 /* ArrowButton.swift */,
				963F6975210224CB007C5ACA /* ActionButton.swift */,
			);
			path = ExpandableButton;
			sourceTree = "<group>";
		};
		965C34DF21109E400081C003 /* ExpandableButtonExampleUITests */ = {
			isa = PBXGroup;
			children = (
				965C34E021109E400081C003 /* ExpandableButtonExampleUITests.swift */,
				965C34E221109E400081C003 /* Info.plist */,
			);
			path = ExpandableButtonExampleUITests;
			sourceTree = "<group>";
		};
/* End PBXGroup section */

/* Begin PBXNativeTarget section */
		963F694E21021DA9007C5ACA /* ExpandableButtonExample */ = {
			isa = PBXNativeTarget;
			buildConfigurationList = 963F696C21021DB6007C5ACA /* Build configuration list for PBXNativeTarget "ExpandableButtonExample" */;
			buildPhases = (
				963F694B21021DA9007C5ACA /* Sources */,
				963F694C21021DA9007C5ACA /* Frameworks */,
				963F694D21021DA9007C5ACA /* Resources */,
			);
			buildRules = (
			);
			dependencies = (
			);
			name = ExpandableButtonExample;
			productName = ExpandableButtonExample;
			productReference = 963F694F21021DA9007C5ACA /* ExpandableButtonExample.app */;
			productType = "com.apple.product-type.application";
		};
		963F696221021DB6007C5ACA /* ExpandableButtonExampleTests */ = {
			isa = PBXNativeTarget;
			buildConfigurationList = 963F696F21021DB6007C5ACA /* Build configuration list for PBXNativeTarget "ExpandableButtonExampleTests" */;
			buildPhases = (
				963F695F21021DB6007C5ACA /* Sources */,
				963F696021021DB6007C5ACA /* Frameworks */,
				963F696121021DB6007C5ACA /* Resources */,
			);
			buildRules = (
			);
			dependencies = (
				963F696521021DB6007C5ACA /* PBXTargetDependency */,
			);
			name = ExpandableButtonExampleTests;
			productName = ExpandableButtonExampleTests;
			productReference = 963F696321021DB6007C5ACA /* ExpandableButtonExampleTests.xctest */;
			productType = "com.apple.product-type.bundle.unit-test";
		};
		965C34DD21109E400081C003 /* ExpandableButtonExampleUITests */ = {
			isa = PBXNativeTarget;
			buildConfigurationList = 965C34E721109E400081C003 /* Build configuration list for PBXNativeTarget "ExpandableButtonExampleUITests" */;
			buildPhases = (
				965C34DA21109E400081C003 /* Sources */,
				965C34DB21109E400081C003 /* Frameworks */,
				965C34DC21109E400081C003 /* Resources */,
			);
			buildRules = (
			);
			dependencies = (
				965C34E421109E400081C003 /* PBXTargetDependency */,
			);
			name = ExpandableButtonExampleUITests;
			productName = ExpandableButtonExampleUITests;
			productReference = 965C34DE21109E400081C003 /* ExpandableButtonExampleUITests.xctest */;
			productType = "com.apple.product-type.bundle.ui-testing";
		};
/* End PBXNativeTarget section */

/* Begin PBXProject section */
		963F694721021DA9007C5ACA /* Project object */ = {
			isa = PBXProject;
			attributes = {
				LastSwiftUpdateCheck = 0940;
				LastUpgradeCheck = 0940;
				ORGANIZATIONNAME = Dima;
				TargetAttributes = {
					963F694E21021DA9007C5ACA = {
						CreatedOnToolsVersion = 9.4.1;
					};
					963F696221021DB6007C5ACA = {
						CreatedOnToolsVersion = 9.4.1;
						TestTargetID = 963F694E21021DA9007C5ACA;
					};
					965C34DD21109E400081C003 = {
						CreatedOnToolsVersion = 9.4.1;
						TestTargetID = 963F694E21021DA9007C5ACA;
					};
				};
			};
			buildConfigurationList = 963F694A21021DA9007C5ACA /* Build configuration list for PBXProject "ExpandableButtonExample" */;
			compatibilityVersion = "Xcode 9.3";
			developmentRegion = en;
			hasScannedForEncodings = 0;
			knownRegions = (
				en,
				Base,
			);
			mainGroup = 963F694621021DA9007C5ACA;
			productRefGroup = 963F695021021DA9007C5ACA /* Products */;
			projectDirPath = "";
			projectRoot = "";
			targets = (
				963F694E21021DA9007C5ACA /* ExpandableButtonExample */,
				963F696221021DB6007C5ACA /* ExpandableButtonExampleTests */,
				965C34DD21109E400081C003 /* ExpandableButtonExampleUITests */,
			);
		};
/* End PBXProject section */

/* Begin PBXResourcesBuildPhase section */
		963F694D21021DA9007C5ACA /* Resources */ = {
			isa = PBXResourcesBuildPhase;
			buildActionMask = 2147483647;
			files = (
				963F695D21021DB6007C5ACA /* LaunchScreen.storyboard in Resources */,
				963F695A21021DB6007C5ACA /* Assets.xcassets in Resources */,
				963F695821021DAA007C5ACA /* Main.storyboard in Resources */,
			);
			runOnlyForDeploymentPostprocessing = 0;
		};
		963F696121021DB6007C5ACA /* Resources */ = {
			isa = PBXResourcesBuildPhase;
			buildActionMask = 2147483647;
			files = (
			);
			runOnlyForDeploymentPostprocessing = 0;
		};
		965C34DC21109E400081C003 /* Resources */ = {
			isa = PBXResourcesBuildPhase;
			buildActionMask = 2147483647;
			files = (
			);
			runOnlyForDeploymentPostprocessing = 0;
		};
/* End PBXResourcesBuildPhase section */

/* Begin PBXSourcesBuildPhase section */
		963F694B21021DA9007C5ACA /* Sources */ = {
			isa = PBXSourcesBuildPhase;
			buildActionMask = 2147483647;
			files = (
				963F697421021E3D007C5ACA /* ExpandableButtonView.swift in Sources */,
				96BA3FFF21062BCC004F4EB0 /* ArrowButton.swift in Sources */,
				963F695521021DA9007C5ACA /* ViewController.swift in Sources */,
				963F695321021DA9007C5ACA /* AppDelegate.swift in Sources */,
				963F6976210224CB007C5ACA /* ActionButton.swift in Sources */,
				96FF4BC8210238EA00938FE3 /* ExpandableButtonItem.swift in Sources */,
			);
			runOnlyForDeploymentPostprocessing = 0;
		};
		963F695F21021DB6007C5ACA /* Sources */ = {
			isa = PBXSourcesBuildPhase;
			buildActionMask = 2147483647;
			files = (
				963F696821021DB6007C5ACA /* ExpandableButtonExampleTests.swift in Sources */,
			);
			runOnlyForDeploymentPostprocessing = 0;
		};
		965C34DA21109E400081C003 /* Sources */ = {
			isa = PBXSourcesBuildPhase;
			buildActionMask = 2147483647;
			files = (
				965C34E121109E400081C003 /* ExpandableButtonExampleUITests.swift in Sources */,
			);
			runOnlyForDeploymentPostprocessing = 0;
		};
/* End PBXSourcesBuildPhase section */

/* Begin PBXTargetDependency section */
		963F696521021DB6007C5ACA /* PBXTargetDependency */ = {
			isa = PBXTargetDependency;
			target = 963F694E21021DA9007C5ACA /* ExpandableButtonExample */;
			targetProxy = 963F696421021DB6007C5ACA /* PBXContainerItemProxy */;
		};
		965C34E421109E400081C003 /* PBXTargetDependency */ = {
			isa = PBXTargetDependency;
			target = 963F694E21021DA9007C5ACA /* ExpandableButtonExample */;
			targetProxy = 965C34E321109E400081C003 /* PBXContainerItemProxy */;
		};
/* End PBXTargetDependency section */

/* Begin PBXVariantGroup section */
		963F695621021DAA007C5ACA /* Main.storyboard */ = {
			isa = PBXVariantGroup;
			children = (
				963F695721021DAA007C5ACA /* Base */,
			);
			name = Main.storyboard;
			sourceTree = "<group>";
		};
		963F695B21021DB6007C5ACA /* LaunchScreen.storyboard */ = {
			isa = PBXVariantGroup;
			children = (
				963F695C21021DB6007C5ACA /* Base */,
			);
			name = LaunchScreen.storyboard;
			sourceTree = "<group>";
		};
/* End PBXVariantGroup section */

/* Begin XCBuildConfiguration section */
		963F696A21021DB6007C5ACA /* Debug */ = {
			isa = XCBuildConfiguration;
			buildSettings = {
				ALWAYS_SEARCH_USER_PATHS = NO;
				CLANG_ANALYZER_NONNULL = YES;
				CLANG_ANALYZER_NUMBER_OBJECT_CONVERSION = YES_AGGRESSIVE;
				CLANG_CXX_LANGUAGE_STANDARD = "gnu++14";
				CLANG_CXX_LIBRARY = "libc++";
				CLANG_ENABLE_MODULES = YES;
				CLANG_ENABLE_OBJC_ARC = YES;
				CLANG_ENABLE_OBJC_WEAK = YES;
				CLANG_WARN_BLOCK_CAPTURE_AUTORELEASING = YES;
				CLANG_WARN_BOOL_CONVERSION = YES;
				CLANG_WARN_COMMA = YES;
				CLANG_WARN_CONSTANT_CONVERSION = YES;
				CLANG_WARN_DEPRECATED_OBJC_IMPLEMENTATIONS = YES;
				CLANG_WARN_DIRECT_OBJC_ISA_USAGE = YES_ERROR;
				CLANG_WARN_DOCUMENTATION_COMMENTS = YES;
				CLANG_WARN_EMPTY_BODY = YES;
				CLANG_WARN_ENUM_CONVERSION = YES;
				CLANG_WARN_INFINITE_RECURSION = YES;
				CLANG_WARN_INT_CONVERSION = YES;
				CLANG_WARN_NON_LITERAL_NULL_CONVERSION = YES;
				CLANG_WARN_OBJC_IMPLICIT_RETAIN_SELF = YES;
				CLANG_WARN_OBJC_LITERAL_CONVERSION = YES;
				CLANG_WARN_OBJC_ROOT_CLASS = YES_ERROR;
				CLANG_WARN_RANGE_LOOP_ANALYSIS = YES;
				CLANG_WARN_STRICT_PROTOTYPES = YES;
				CLANG_WARN_SUSPICIOUS_MOVE = YES;
				CLANG_WARN_UNGUARDED_AVAILABILITY = YES_AGGRESSIVE;
				CLANG_WARN_UNREACHABLE_CODE = YES;
				CLANG_WARN__DUPLICATE_METHOD_MATCH = YES;
				CODE_SIGN_IDENTITY = "iPhone Developer";
				COPY_PHASE_STRIP = NO;
				DEBUG_INFORMATION_FORMAT = dwarf;
				ENABLE_STRICT_OBJC_MSGSEND = YES;
				ENABLE_TESTABILITY = YES;
				GCC_C_LANGUAGE_STANDARD = gnu11;
				GCC_DYNAMIC_NO_PIC = NO;
				GCC_NO_COMMON_BLOCKS = YES;
				GCC_OPTIMIZATION_LEVEL = 0;
				GCC_PREPROCESSOR_DEFINITIONS = (
					"DEBUG=1",
					"$(inherited)",
				);
				GCC_WARN_64_TO_32_BIT_CONVERSION = YES;
				GCC_WARN_ABOUT_RETURN_TYPE = YES_ERROR;
				GCC_WARN_UNDECLARED_SELECTOR = YES;
				GCC_WARN_UNINITIALIZED_AUTOS = YES_AGGRESSIVE;
				GCC_WARN_UNUSED_FUNCTION = YES;
				GCC_WARN_UNUSED_VARIABLE = YES;
				IPHONEOS_DEPLOYMENT_TARGET = 9.0;
				MTL_ENABLE_DEBUG_INFO = YES;
				ONLY_ACTIVE_ARCH = YES;
				SDKROOT = iphoneos;
				SWIFT_ACTIVE_COMPILATION_CONDITIONS = DEBUG;
				SWIFT_OPTIMIZATION_LEVEL = "-Onone";
			};
			name = Debug;
		};
		963F696B21021DB6007C5ACA /* Release */ = {
			isa = XCBuildConfiguration;
			buildSettings = {
				ALWAYS_SEARCH_USER_PATHS = NO;
				CLANG_ANALYZER_NONNULL = YES;
				CLANG_ANALYZER_NUMBER_OBJECT_CONVERSION = YES_AGGRESSIVE;
				CLANG_CXX_LANGUAGE_STANDARD = "gnu++14";
				CLANG_CXX_LIBRARY = "libc++";
				CLANG_ENABLE_MODULES = YES;
				CLANG_ENABLE_OBJC_ARC = YES;
				CLANG_ENABLE_OBJC_WEAK = YES;
				CLANG_WARN_BLOCK_CAPTURE_AUTORELEASING = YES;
				CLANG_WARN_BOOL_CONVERSION = YES;
				CLANG_WARN_COMMA = YES;
				CLANG_WARN_CONSTANT_CONVERSION = YES;
				CLANG_WARN_DEPRECATED_OBJC_IMPLEMENTATIONS = YES;
				CLANG_WARN_DIRECT_OBJC_ISA_USAGE = YES_ERROR;
				CLANG_WARN_DOCUMENTATION_COMMENTS = YES;
				CLANG_WARN_EMPTY_BODY = YES;
				CLANG_WARN_ENUM_CONVERSION = YES;
				CLANG_WARN_INFINITE_RECURSION = YES;
				CLANG_WARN_INT_CONVERSION = YES;
				CLANG_WARN_NON_LITERAL_NULL_CONVERSION = YES;
				CLANG_WARN_OBJC_IMPLICIT_RETAIN_SELF = YES;
				CLANG_WARN_OBJC_LITERAL_CONVERSION = YES;
				CLANG_WARN_OBJC_ROOT_CLASS = YES_ERROR;
				CLANG_WARN_RANGE_LOOP_ANALYSIS = YES;
				CLANG_WARN_STRICT_PROTOTYPES = YES;
				CLANG_WARN_SUSPICIOUS_MOVE = YES;
				CLANG_WARN_UNGUARDED_AVAILABILITY = YES_AGGRESSIVE;
				CLANG_WARN_UNREACHABLE_CODE = YES;
				CLANG_WARN__DUPLICATE_METHOD_MATCH = YES;
				CODE_SIGN_IDENTITY = "iPhone Developer";
				COPY_PHASE_STRIP = NO;
				DEBUG_INFORMATION_FORMAT = "dwarf-with-dsym";
				ENABLE_NS_ASSERTIONS = NO;
				ENABLE_STRICT_OBJC_MSGSEND = YES;
				GCC_C_LANGUAGE_STANDARD = gnu11;
				GCC_NO_COMMON_BLOCKS = YES;
				GCC_WARN_64_TO_32_BIT_CONVERSION = YES;
				GCC_WARN_ABOUT_RETURN_TYPE = YES_ERROR;
				GCC_WARN_UNDECLARED_SELECTOR = YES;
				GCC_WARN_UNINITIALIZED_AUTOS = YES_AGGRESSIVE;
				GCC_WARN_UNUSED_FUNCTION = YES;
				GCC_WARN_UNUSED_VARIABLE = YES;
				IPHONEOS_DEPLOYMENT_TARGET = 9.0;
				MTL_ENABLE_DEBUG_INFO = NO;
				SDKROOT = iphoneos;
				SWIFT_COMPILATION_MODE = wholemodule;
				SWIFT_OPTIMIZATION_LEVEL = "-O";
				VALIDATE_PRODUCT = YES;
			};
			name = Release;
		};
		963F696D21021DB6007C5ACA /* Debug */ = {
			isa = XCBuildConfiguration;
			buildSettings = {
				ASSETCATALOG_COMPILER_APPICON_NAME = AppIcon;
				CODE_SIGN_STYLE = Automatic;
				DEVELOPMENT_TEAM = 77X75EH6F4;
				INFOPLIST_FILE = ExpandableButtonExample/Info.plist;
				LD_RUNPATH_SEARCH_PATHS = (
					"$(inherited)",
					"@executable_path/Frameworks",
				);
				PRODUCT_BUNDLE_IDENTIFIER = com.dima.mishchenko.ExpandableButtonExample;
				PRODUCT_NAME = "$(TARGET_NAME)";
				SWIFT_VERSION = 4.0;
				TARGETED_DEVICE_FAMILY = "1,2";
			};
			name = Debug;
		};
		963F696E21021DB6007C5ACA /* Release */ = {
			isa = XCBuildConfiguration;
			buildSettings = {
				ASSETCATALOG_COMPILER_APPICON_NAME = AppIcon;
				CODE_SIGN_STYLE = Automatic;
				DEVELOPMENT_TEAM = 77X75EH6F4;
				INFOPLIST_FILE = ExpandableButtonExample/Info.plist;
				LD_RUNPATH_SEARCH_PATHS = (
					"$(inherited)",
					"@executable_path/Frameworks",
				);
				PRODUCT_BUNDLE_IDENTIFIER = com.dima.mishchenko.ExpandableButtonExample;
				PRODUCT_NAME = "$(TARGET_NAME)";
				SWIFT_VERSION = 4.0;
				TARGETED_DEVICE_FAMILY = "1,2";
			};
			name = Release;
		};
		963F697021021DB6007C5ACA /* Debug */ = {
			isa = XCBuildConfiguration;
			buildSettings = {
				ALWAYS_EMBED_SWIFT_STANDARD_LIBRARIES = YES;
				BUNDLE_LOADER = "$(TEST_HOST)";
				CODE_SIGN_STYLE = Automatic;
				DEVELOPMENT_TEAM = 77X75EH6F4;
				INFOPLIST_FILE = ExpandableButtonExampleTests/Info.plist;
				LD_RUNPATH_SEARCH_PATHS = (
					"$(inherited)",
					"@executable_path/Frameworks",
					"@loader_path/Frameworks",
				);
				PRODUCT_BUNDLE_IDENTIFIER = com.dima.mishchenko.ExpandableButtonExampleTests;
				PRODUCT_NAME = "$(TARGET_NAME)";
				SWIFT_VERSION = 4.0;
				TARGETED_DEVICE_FAMILY = "1,2";
				TEST_HOST = "$(BUILT_PRODUCTS_DIR)/ExpandableButtonExample.app/ExpandableButtonExample";
			};
			name = Debug;
		};
		963F697121021DB6007C5ACA /* Release */ = {
			isa = XCBuildConfiguration;
			buildSettings = {
				ALWAYS_EMBED_SWIFT_STANDARD_LIBRARIES = YES;
				BUNDLE_LOADER = "$(TEST_HOST)";
				CODE_SIGN_STYLE = Automatic;
				DEVELOPMENT_TEAM = 77X75EH6F4;
				INFOPLIST_FILE = ExpandableButtonExampleTests/Info.plist;
				LD_RUNPATH_SEARCH_PATHS = (
					"$(inherited)",
					"@executable_path/Frameworks",
					"@loader_path/Frameworks",
				);
				PRODUCT_BUNDLE_IDENTIFIER = com.dima.mishchenko.ExpandableButtonExampleTests;
				PRODUCT_NAME = "$(TARGET_NAME)";
				SWIFT_VERSION = 4.0;
				TARGETED_DEVICE_FAMILY = "1,2";
				TEST_HOST = "$(BUILT_PRODUCTS_DIR)/ExpandableButtonExample.app/ExpandableButtonExample";
			};
			name = Release;
		};
		965C34E521109E400081C003 /* Debug */ = {
			isa = XCBuildConfiguration;
			buildSettings = {
				CODE_SIGN_STYLE = Automatic;
				DEVELOPMENT_TEAM = 77X75EH6F4;
				INFOPLIST_FILE = ExpandableButtonExampleUITests/Info.plist;
				IPHONEOS_DEPLOYMENT_TARGET = 11.4;
				LD_RUNPATH_SEARCH_PATHS = (
					"$(inherited)",
					"@executable_path/Frameworks",
					"@loader_path/Frameworks",
				);
				PRODUCT_BUNDLE_IDENTIFIER = com.dima.mishchenko.ExpandableButtonExampleUITests;
				PRODUCT_NAME = "$(TARGET_NAME)";
				SWIFT_VERSION = 4.0;
				TARGETED_DEVICE_FAMILY = "1,2";
				TEST_TARGET_NAME = ExpandableButtonExample;
			};
			name = Debug;
		};
		965C34E621109E400081C003 /* Release */ = {
			isa = XCBuildConfiguration;
			buildSettings = {
				CODE_SIGN_STYLE = Automatic;
				DEVELOPMENT_TEAM = 77X75EH6F4;
				INFOPLIST_FILE = ExpandableButtonExampleUITests/Info.plist;
				IPHONEOS_DEPLOYMENT_TARGET = 11.4;
				LD_RUNPATH_SEARCH_PATHS = (
					"$(inherited)",
					"@executable_path/Frameworks",
					"@loader_path/Frameworks",
				);
				PRODUCT_BUNDLE_IDENTIFIER = com.dima.mishchenko.ExpandableButtonExampleUITests;
				PRODUCT_NAME = "$(TARGET_NAME)";
				SWIFT_VERSION = 4.0;
				TARGETED_DEVICE_FAMILY = "1,2";
				TEST_TARGET_NAME = ExpandableButtonExample;
			};
			name = Release;
		};
/* End XCBuildConfiguration section */

/* Begin XCConfigurationList section */
		963F694A21021DA9007C5ACA /* Build configuration list for PBXProject "ExpandableButtonExample" */ = {
			isa = XCConfigurationList;
			buildConfigurations = (
				963F696A21021DB6007C5ACA /* Debug */,
				963F696B21021DB6007C5ACA /* Release */,
			);
			defaultConfigurationIsVisible = 0;
			defaultConfigurationName = Release;
		};
		963F696C21021DB6007C5ACA /* Build configuration list for PBXNativeTarget "ExpandableButtonExample" */ = {
			isa = XCConfigurationList;
			buildConfigurations = (
				963F696D21021DB6007C5ACA /* Debug */,
				963F696E21021DB6007C5ACA /* Release */,
			);
			defaultConfigurationIsVisible = 0;
			defaultConfigurationName = Release;
		};
		963F696F21021DB6007C5ACA /* Build configuration list for PBXNativeTarget "ExpandableButtonExampleTests" */ = {
			isa = XCConfigurationList;
			buildConfigurations = (
				963F697021021DB6007C5ACA /* Debug */,
				963F697121021DB6007C5ACA /* Release */,
			);
			defaultConfigurationIsVisible = 0;
			defaultConfigurationName = Release;
		};
		965C34E721109E400081C003 /* Build configuration list for PBXNativeTarget "ExpandableButtonExampleUITests" */ = {
			isa = XCConfigurationList;
			buildConfigurations = (
				965C34E521109E400081C003 /* Debug */,
				965C34E621109E400081C003 /* Release */,
			);
			defaultConfigurationIsVisible = 0;
			defaultConfigurationName = Release;
		};
/* End XCConfigurationList section */
	};
	rootObject = 963F694721021DA9007C5ACA /* Project object */;
}
